
Microsoft Visual Studio Solution File, Format Version 12.00
# Visual Studio Version 16
VisualStudioVersion = 16.0.30804.86
MinimumVisualStudioVersion = 10.0.40219.1
Project("{9A19103F-16F7-4668-BE54-9A1E7A4F7556}") = "20210113_Lista", "20200113-PrimeirosPassos\20210113_Lista.csproj", "{823FC467-4C65-41F8-9AEF-A2488602EF94}"
EndProject
Project("{9A19103F-16F7-4668-BE54-9A1E7A4F7556}") = "20210114_Exercicios", "20210114_Exercicios\20210114_Exercicios.csproj", "{324BB210-F71E-4E58-91DC-2AAD6C2AF154}"
EndProject
Project("{9A19103F-16F7-4668-BE54-9A1E7A4F7556}") = "SemafaroArray", "Semafaro\SemafaroArray.csproj", "{A96A89B3-A431-4578-BEC4-3896D713ADEC}"
EndProject
Project("{FAE04EC0-301F-11D3-BF4B-00C04F79EFBC}") = "Semafaro2", "Semafaro2\Semafaro2.csproj", "{88937144-FEE4-416B-A632-63F35A45EF5F}"
EndProject
Project("{9A19103F-16F7-4668-BE54-9A1E7A4F7556}") = "semafaroSwitchCase", "semafaroSwitchCase\semafaroSwitchCase.csproj", "{60049C85-3125-4980-A701-0FFA1EB39E0D}"
EndProject
Project("{9A19103F-16F7-4668-BE54-9A1E7A4F7556}") = "20210116_Exercicios", "20210116\20210116_Exercicios.csproj", "{68C192B9-14D8-4149-954A-B44A6340D0F1}"
EndProject
Project("{FAE04EC0-301F-11D3-BF4B-00C04F79EFBC}") = "AprendendoSwitchCase", "AprendendoSwitchCase\AprendendoSwitchCase.csproj", "{7EB1FC60-A96F-46B3-9934-17D4E5E61505}"
EndProject
Project("{9A19103F-16F7-4668-BE54-9A1E7A4F7556}") = "CriandoUmMetodo", "CriandoUmMetodo\CriandoUmMetodo.csproj", "{87F6A389-9C29-48A8-A932-D8752296AA18}"
EndProject
Project("{9A19103F-16F7-4668-BE54-9A1E7A4F7556}") = "Cardapio", "Cardapio\Cardapio.csproj", "{6949045B-EF91-4D58-8965-8F6B9EC0E2DB}"
EndProject
Project("{FAE04EC0-301F-11D3-BF4B-00C04F79EFBC}") = "20210119 - For - Foreach", "20210119 - For - Foreach\20210119 - For - Foreach.csproj", "{ED3FB202-B423-411C-9F70-4E5DEB454B46}"
EndProject
Project("{FAE04EC0-301F-11D3-BF4B-00C04F79EFBC}") = "20210119-MeninoOuMenina", "20210119-MeninoOuMenina\20210119-MeninoOuMenina.csproj", "{F28B9406-514D-47F3-98CC-2C56F16EEC51}"
EndProject
Global
	GlobalSection(SolutionConfigurationPlatforms) = preSolution
		Debug|Any CPU = Debug|Any CPU
		Release|Any CPU = Release|Any CPU
	EndGlobalSection
	GlobalSection(ProjectConfigurationPlatforms) = postSolution
		{823FC467-4C65-41F8-9AEF-A2488602EF94}.Debug|Any CPU.ActiveCfg = Debug|Any CPU
		{823FC467-4C65-41F8-9AEF-A2488602EF94}.Debug|Any CPU.Build.0 = Debug|Any CPU
		{823FC467-4C65-41F8-9AEF-A2488602EF94}.Release|Any CPU.ActiveCfg = Release|Any CPU
		{823FC467-4C65-41F8-9AEF-A2488602EF94}.Release|Any CPU.Build.0 = Release|Any CPU
		{324BB210-F71E-4E58-91DC-2AAD6C2AF154}.Debug|Any CPU.ActiveCfg = Debug|Any CPU
		{324BB210-F71E-4E58-91DC-2AAD6C2AF154}.Debug|Any CPU.Build.0 = Debug|Any CPU
		{324BB210-F71E-4E58-91DC-2AAD6C2AF154}.Release|Any CPU.ActiveCfg = Release|Any CPU
		{324BB210-F71E-4E58-91DC-2AAD6C2AF154}.Release|Any CPU.Build.0 = Release|Any CPU
		{A96A89B3-A431-4578-BEC4-3896D713ADEC}.Debug|Any CPU.ActiveCfg = Debug|Any CPU
		{A96A89B3-A431-4578-BEC4-3896D713ADEC}.Debug|Any CPU.Build.0 = Debug|Any CPU
		{A96A89B3-A431-4578-BEC4-3896D713ADEC}.Release|Any CPU.ActiveCfg = Release|Any CPU
		{A96A89B3-A431-4578-BEC4-3896D713ADEC}.Release|Any CPU.Build.0 = Release|Any CPU
		{88937144-FEE4-416B-A632-63F35A45EF5F}.Debug|Any CPU.ActiveCfg = Debug|Any CPU
		{88937144-FEE4-416B-A632-63F35A45EF5F}.Debug|Any CPU.Build.0 = Debug|Any CPU
		{88937144-FEE4-416B-A632-63F35A45EF5F}.Release|Any CPU.ActiveCfg = Release|Any CPU
		{88937144-FEE4-416B-A632-63F35A45EF5F}.Release|Any CPU.Build.0 = Release|Any CPU
		{60049C85-3125-4980-A701-0FFA1EB39E0D}.Debug|Any CPU.ActiveCfg = Debug|Any CPU
		{60049C85-3125-4980-A701-0FFA1EB39E0D}.Debug|Any CPU.Build.0 = Debug|Any CPU
		{60049C85-3125-4980-A701-0FFA1EB39E0D}.Release|Any CPU.ActiveCfg = Release|Any CPU
		{60049C85-3125-4980-A701-0FFA1EB39E0D}.Release|Any CPU.Build.0 = Release|Any CPU
		{68C192B9-14D8-4149-954A-B44A6340D0F1}.Debug|Any CPU.ActiveCfg = Debug|Any CPU
		{68C192B9-14D8-4149-954A-B44A6340D0F1}.Debug|Any CPU.Build.0 = Debug|Any CPU
		{68C192B9-14D8-4149-954A-B44A6340D0F1}.Release|Any CPU.ActiveCfg = Release|Any CPU
		{68C192B9-14D8-4149-954A-B44A6340D0F1}.Release|Any CPU.Build.0 = Release|Any CPU
		{7EB1FC60-A96F-46B3-9934-17D4E5E61505}.Debug|Any CPU.ActiveCfg = Debug|Any CPU
		{7EB1FC60-A96F-46B3-9934-17D4E5E61505}.Debug|Any CPU.Build.0 = Debug|Any CPU
		{7EB1FC60-A96F-46B3-9934-17D4E5E61505}.Release|Any CPU.ActiveCfg = Release|Any CPU
		{7EB1FC60-A96F-46B3-9934-17D4E5E61505}.Release|Any CPU.Build.0 = Release|Any CPU
		{87F6A389-9C29-48A8-A932-D8752296AA18}.Debug|Any CPU.ActiveCfg = Debug|Any CPU
		{87F6A389-9C29-48A8-A932-D8752296AA18}.Debug|Any CPU.Build.0 = Debug|Any CPU
		{87F6A389-9C29-48A8-A932-D8752296AA18}.Release|Any CPU.ActiveCfg = Release|Any CPU
		{87F6A389-9C29-48A8-A932-D8752296AA18}.Release|Any CPU.Build.0 = Release|Any CPU
		{6949045B-EF91-4D58-8965-8F6B9EC0E2DB}.Debug|Any CPU.ActiveCfg = Debug|Any CPU
		{6949045B-EF91-4D58-8965-8F6B9EC0E2DB}.Debug|Any CPU.Build.0 = Debug|Any CPU
		{6949045B-EF91-4D58-8965-8F6B9EC0E2DB}.Release|Any CPU.ActiveCfg = Release|Any CPU
		{6949045B-EF91-4D58-8965-8F6B9EC0E2DB}.Release|Any CPU.Build.0 = Release|Any CPU
		{ED3FB202-B423-411C-9F70-4E5DEB454B46}.Debug|Any CPU.ActiveCfg = Debug|Any CPU
		{ED3FB202-B423-411C-9F70-4E5DEB454B46}.Debug|Any CPU.Build.0 = Debug|Any CPU
		{ED3FB202-B423-411C-9F70-4E5DEB454B46}.Release|Any CPU.ActiveCfg = Release|Any CPU
		{ED3FB202-B423-411C-9F70-4E5DEB454B46}.Release|Any CPU.Build.0 = Release|Any CPU
		{F28B9406-514D-47F3-98CC-2C56F16EEC51}.Debug|Any CPU.ActiveCfg = Debug|Any CPU
		{F28B9406-514D-47F3-98CC-2C56F16EEC51}.Debug|Any CPU.Build.0 = Debug|Any CPU
		{F28B9406-514D-47F3-98CC-2C56F16EEC51}.Release|Any CPU.ActiveCfg = Release|Any CPU
		{F28B9406-514D-47F3-98CC-2C56F16EEC51}.Release|Any CPU.Build.0 = Release|Any CPU
	EndGlobalSection
	GlobalSection(SolutionProperties) = preSolution
		HideSolutionNode = FALSE
	EndGlobalSection
	GlobalSection(ExtensibilityGlobals) = postSolution
		SolutionGuid = {D94F5637-EACD-4E0E-B362-9BCF3249BD32}
	EndGlobalSection
EndGlobal
