
Microsoft Visual Studio Solution File, Format Version 12.00
# Visual Studio Version 16
VisualStudioVersion = 16.0.30907.101
MinimumVisualStudioVersion = 10.0.40219.1
Project("{FAE04EC0-301F-11D3-BF4B-00C04F79EFBC}") = "BelezaCabeleleilaLeila", "BelezaCabeleleilaLeila\BelezaCabeleleilaLeila.csproj", "{44C6ADA8-5AEE-465F-BEA1-3270AAB003B4}"
EndProject
Project("{FAE04EC0-301F-11D3-BF4B-00C04F79EFBC}") = "BelezaCaleleleilaLeila.Dominio", "Beleza.Dominio\BelezaCaleleleilaLeila.Dominio.csproj", "{63F7345C-04AC-4FDA-95C1-1C821C140D2B}"
EndProject
Global
	GlobalSection(SolutionConfigurationPlatforms) = preSolution
		Debug|Any CPU = Debug|Any CPU
		Release|Any CPU = Release|Any CPU
	EndGlobalSection
	GlobalSection(ProjectConfigurationPlatforms) = postSolution
		{44C6ADA8-5AEE-465F-BEA1-3270AAB003B4}.Debug|Any CPU.ActiveCfg = Debug|Any CPU
		{44C6ADA8-5AEE-465F-BEA1-3270AAB003B4}.Debug|Any CPU.Build.0 = Debug|Any CPU
		{44C6ADA8-5AEE-465F-BEA1-3270AAB003B4}.Release|Any CPU.ActiveCfg = Release|Any CPU
		{44C6ADA8-5AEE-465F-BEA1-3270AAB003B4}.Release|Any CPU.Build.0 = Release|Any CPU
		{63F7345C-04AC-4FDA-95C1-1C821C140D2B}.Debug|Any CPU.ActiveCfg = Debug|Any CPU
		{63F7345C-04AC-4FDA-95C1-1C821C140D2B}.Debug|Any CPU.Build.0 = Debug|Any CPU
		{63F7345C-04AC-4FDA-95C1-1C821C140D2B}.Release|Any CPU.ActiveCfg = Release|Any CPU
		{63F7345C-04AC-4FDA-95C1-1C821C140D2B}.Release|Any CPU.Build.0 = Release|Any CPU
	EndGlobalSection
	GlobalSection(SolutionProperties) = preSolution
		HideSolutionNode = FALSE
	EndGlobalSection
	GlobalSection(ExtensibilityGlobals) = postSolution
		SolutionGuid = {B23F4494-DC9F-40DE-900A-27D3D5C183A2}
	EndGlobalSection
EndGlobal
